// !$*UTF8*$!
{
	archiveVersion = 1;
	classes = {
	};
	objectVersion = 51;
	objects = {

/* Begin PBXBuildFile section */
		3A5A61A4244B210D0050EEBF /* SignUpViewController.swift in Sources */ = {isa = PBXBuildFile; fileRef = 3A5A61A3244B210D0050EEBF /* SignUpViewController.swift */; };
		3A5A61A7244B294E0050EEBF /* FirebaseCRUD.swift in Sources */ = {isa = PBXBuildFile; fileRef = 3A5A61A6244B294E0050EEBF /* FirebaseCRUD.swift */; };
		3A5A61AA244B2A690050EEBF /* Usage.swift in Sources */ = {isa = PBXBuildFile; fileRef = 3A5A61A9244B2A690050EEBF /* Usage.swift */; };
		3A656500243F2BE600E8C607 /* AppDelegate.swift in Sources */ = {isa = PBXBuildFile; fileRef = 3A6564FF243F2BE600E8C607 /* AppDelegate.swift */; };
		3A656502243F2BE600E8C607 /* SceneDelegate.swift in Sources */ = {isa = PBXBuildFile; fileRef = 3A656501243F2BE600E8C607 /* SceneDelegate.swift */; };
		3A656504243F2BE600E8C607 /* ViewController.swift in Sources */ = {isa = PBXBuildFile; fileRef = 3A656503243F2BE600E8C607 /* ViewController.swift */; };
		3A656507243F2BE600E8C607 /* Main.storyboard in Resources */ = {isa = PBXBuildFile; fileRef = 3A656505243F2BE600E8C607 /* Main.storyboard */; };
		3A656509243F2BE600E8C607 /* Assets.xcassets in Resources */ = {isa = PBXBuildFile; fileRef = 3A656508243F2BE600E8C607 /* Assets.xcassets */; };
		3A65650C243F2BE600E8C607 /* LaunchScreen.storyboard in Resources */ = {isa = PBXBuildFile; fileRef = 3A65650A243F2BE600E8C607 /* LaunchScreen.storyboard */; };
		3AAE650E2449D21A00BDB09C /* GeneralViewController.swift in Sources */ = {isa = PBXBuildFile; fileRef = 3AAE650D2449D21A00BDB09C /* GeneralViewController.swift */; };
		3AAE651B2449F3A900BDB09C /* FirebaseManager.swift in Sources */ = {isa = PBXBuildFile; fileRef = 3AAE651A2449F3A900BDB09C /* FirebaseManager.swift */; };
		3AAE651D2449F3EA00BDB09C /* FacebookManager.swift in Sources */ = {isa = PBXBuildFile; fileRef = 3AAE651C2449F3EA00BDB09C /* FacebookManager.swift */; };
		3AAE651F2449F4DF00BDB09C /* AuthenticationViewController.swift in Sources */ = {isa = PBXBuildFile; fileRef = 3AAE651E2449F4DF00BDB09C /* AuthenticationViewController.swift */; };
		3ABE21682444C77400239729 /* MusicViewController.swift in Sources */ = {isa = PBXBuildFile; fileRef = 3ABE21672444C77400239729 /* MusicViewController.swift */; };
		3ABE216A2444CC6100239729 /* Calculator.swift in Sources */ = {isa = PBXBuildFile; fileRef = 3ABE21692444CC6100239729 /* Calculator.swift */; };
		3ABE216E2444D77200239729 /* ResultViewController.swift in Sources */ = {isa = PBXBuildFile; fileRef = 3ABE216D2444D77200239729 /* ResultViewController.swift */; };
		596B8BF624A39D79007DA0FF /* Swift+gif.swift in Sources */ = {isa = PBXBuildFile; fileRef = 596B8BF524A39D79007DA0FF /* Swift+gif.swift */; };
		596B8BF824A39E97007DA0FF /* drivingcar.gif in Resources */ = {isa = PBXBuildFile; fileRef = 596B8BF724A39E97007DA0FF /* drivingcar.gif */; };
		59716874249F89C0009C04FC /* GoogleService-Info.plist in Resources */ = {isa = PBXBuildFile; fileRef = 59716873249F89C0009C04FC /* GoogleService-Info.plist */; };
		597C838524A8BF20007A07BA /* ProfileViewController.swift in Sources */ = {isa = PBXBuildFile; fileRef = 597C838424A8BF20007A07BA /* ProfileViewController.swift */; };
		80C101637AEB519E12250003 /* Pods_StreamClean.framework in Frameworks */ = {isa = PBXBuildFile; fileRef = 716F578B960AE9348D394DD8 /* Pods_StreamClean.framework */; };
/* End PBXBuildFile section */

/* Begin PBXFileReference section */
		3A5A61A3244B210D0050EEBF /* SignUpViewController.swift */ = {isa = PBXFileReference; fileEncoding = 4; lastKnownFileType = sourcecode.swift; path = SignUpViewController.swift; sourceTree = "<group>"; };
		3A5A61A6244B294E0050EEBF /* FirebaseCRUD.swift */ = {isa = PBXFileReference; lastKnownFileType = sourcecode.swift; path = FirebaseCRUD.swift; sourceTree = "<group>"; };
		3A5A61A9244B2A690050EEBF /* Usage.swift */ = {isa = PBXFileReference; lastKnownFileType = sourcecode.swift; path = Usage.swift; sourceTree = "<group>"; };
		3A6564FC243F2BE600E8C607 /* StreamClean.app */ = {isa = PBXFileReference; explicitFileType = wrapper.application; includeInIndex = 0; path = StreamClean.app; sourceTree = BUILT_PRODUCTS_DIR; };
		3A6564FF243F2BE600E8C607 /* AppDelegate.swift */ = {isa = PBXFileReference; lastKnownFileType = sourcecode.swift; path = AppDelegate.swift; sourceTree = "<group>"; };
		3A656501243F2BE600E8C607 /* SceneDelegate.swift */ = {isa = PBXFileReference; lastKnownFileType = sourcecode.swift; path = SceneDelegate.swift; sourceTree = "<group>"; };
		3A656503243F2BE600E8C607 /* ViewController.swift */ = {isa = PBXFileReference; lastKnownFileType = sourcecode.swift; path = ViewController.swift; sourceTree = "<group>"; };
		3A656506243F2BE600E8C607 /* Base */ = {isa = PBXFileReference; lastKnownFileType = file.storyboard; name = Base; path = Base.lproj/Main.storyboard; sourceTree = "<group>"; };
		3A656508243F2BE600E8C607 /* Assets.xcassets */ = {isa = PBXFileReference; lastKnownFileType = folder.assetcatalog; path = Assets.xcassets; sourceTree = "<group>"; };
		3A65650B243F2BE600E8C607 /* Base */ = {isa = PBXFileReference; lastKnownFileType = file.storyboard; name = Base; path = Base.lproj/LaunchScreen.storyboard; sourceTree = "<group>"; };
		3A65650D243F2BE600E8C607 /* Info.plist */ = {isa = PBXFileReference; lastKnownFileType = text.plist.xml; path = Info.plist; sourceTree = "<group>"; };
		3AAE650D2449D21A00BDB09C /* GeneralViewController.swift */ = {isa = PBXFileReference; lastKnownFileType = sourcecode.swift; path = GeneralViewController.swift; sourceTree = "<group>"; };
		3AAE651A2449F3A900BDB09C /* FirebaseManager.swift */ = {isa = PBXFileReference; lastKnownFileType = sourcecode.swift; path = FirebaseManager.swift; sourceTree = "<group>"; };
		3AAE651C2449F3EA00BDB09C /* FacebookManager.swift */ = {isa = PBXFileReference; lastKnownFileType = sourcecode.swift; path = FacebookManager.swift; sourceTree = "<group>"; };
		3AAE651E2449F4DF00BDB09C /* AuthenticationViewController.swift */ = {isa = PBXFileReference; lastKnownFileType = sourcecode.swift; path = AuthenticationViewController.swift; sourceTree = "<group>"; };
		3ABE21672444C77400239729 /* MusicViewController.swift */ = {isa = PBXFileReference; lastKnownFileType = sourcecode.swift; path = MusicViewController.swift; sourceTree = "<group>"; };
		3ABE21692444CC6100239729 /* Calculator.swift */ = {isa = PBXFileReference; lastKnownFileType = sourcecode.swift; name = Calculator.swift; path = StreamClean/Calculator.swift; sourceTree = SOURCE_ROOT; };
		3ABE216D2444D77200239729 /* ResultViewController.swift */ = {isa = PBXFileReference; lastKnownFileType = sourcecode.swift; path = ResultViewController.swift; sourceTree = "<group>"; };
		596B8BF524A39D79007DA0FF /* Swift+gif.swift */ = {isa = PBXFileReference; lastKnownFileType = sourcecode.swift; path = "Swift+gif.swift"; sourceTree = "<group>"; };
		596B8BF724A39E97007DA0FF /* drivingcar.gif */ = {isa = PBXFileReference; lastKnownFileType = image.gif; path = drivingcar.gif; sourceTree = "<group>"; };
		59716873249F89C0009C04FC /* GoogleService-Info.plist */ = {isa = PBXFileReference; fileEncoding = 4; lastKnownFileType = text.plist.xml; path = "GoogleService-Info.plist"; sourceTree = "<group>"; };
		597C838424A8BF20007A07BA /* ProfileViewController.swift */ = {isa = PBXFileReference; lastKnownFileType = sourcecode.swift; path = ProfileViewController.swift; sourceTree = "<group>"; };
		716F578B960AE9348D394DD8 /* Pods_StreamClean.framework */ = {isa = PBXFileReference; explicitFileType = wrapper.framework; includeInIndex = 0; path = Pods_StreamClean.framework; sourceTree = BUILT_PRODUCTS_DIR; };
		7D0E127997980EDA914451D2 /* Pods-StreamClean.debug.xcconfig */ = {isa = PBXFileReference; includeInIndex = 1; lastKnownFileType = text.xcconfig; name = "Pods-StreamClean.debug.xcconfig"; path = "Target Support Files/Pods-StreamClean/Pods-StreamClean.debug.xcconfig"; sourceTree = "<group>"; };
		977D46AAD94F4FDE5226898A /* Pods-StreamClean.release.xcconfig */ = {isa = PBXFileReference; includeInIndex = 1; lastKnownFileType = text.xcconfig; name = "Pods-StreamClean.release.xcconfig"; path = "Target Support Files/Pods-StreamClean/Pods-StreamClean.release.xcconfig"; sourceTree = "<group>"; };
/* End PBXFileReference section */

/* Begin PBXFrameworksBuildPhase section */
		3A6564F9243F2BE600E8C607 /* Frameworks */ = {
			isa = PBXFrameworksBuildPhase;
			buildActionMask = 2147483647;
			files = (
				80C101637AEB519E12250003 /* Pods_StreamClean.framework in Frameworks */,
			);
			runOnlyForDeploymentPostprocessing = 0;
		};
/* End PBXFrameworksBuildPhase section */

/* Begin PBXGroup section */
		3A5A61A5244B29350050EEBF /* DB */ = {
			isa = PBXGroup;
			children = (
				3A5A61A6244B294E0050EEBF /* FirebaseCRUD.swift */,
			);
			path = DB;
			sourceTree = "<group>";
		};
		3A5A61A8244B2A280050EEBF /* Model */ = {
			isa = PBXGroup;
			children = (
				3A5A61A9244B2A690050EEBF /* Usage.swift */,
			);
			path = Model;
			sourceTree = "<group>";
		};
		3A6564F3243F2BE600E8C607 = {
			isa = PBXGroup;
			children = (
				596B8BF524A39D79007DA0FF /* Swift+gif.swift */,
				3A6564FE243F2BE600E8C607 /* StreamClean */,
				3A6564FD243F2BE600E8C607 /* Products */,
				EBF76FFC3ACDC6BF8F3E8D45 /* Pods */,
				3A959590A7D12F89C82F0C20 /* Frameworks */,
			);
			sourceTree = "<group>";
		};
		3A6564FD243F2BE600E8C607 /* Products */ = {
			isa = PBXGroup;
			children = (
				3A6564FC243F2BE600E8C607 /* StreamClean.app */,
			);
			name = Products;
			sourceTree = "<group>";
		};
		3A6564FE243F2BE600E8C607 /* StreamClean */ = {
			isa = PBXGroup;
			children = (
				595E674B24AA434500A74CEF /* UserViewControllers */,
				596B8BF924A3A0B9007DA0FF /* Calculator */,
				3A5A61A8244B2A280050EEBF /* Model */,
				3A5A61A5244B29350050EEBF /* DB */,
				3AAE65192449F39500BDB09C /* Authentication */,
				3A6564FF243F2BE600E8C607 /* AppDelegate.swift */,
				3A656501243F2BE600E8C607 /* SceneDelegate.swift */,
				595E674A24AA432500A74CEF /* InputViewControllers */,
				596B8BF724A39E97007DA0FF /* drivingcar.gif */,
				3A656505243F2BE600E8C607 /* Main.storyboard */,
				3A656508243F2BE600E8C607 /* Assets.xcassets */,
				3A65650A243F2BE600E8C607 /* LaunchScreen.storyboard */,
				3A65650D243F2BE600E8C607 /* Info.plist */,
				59716873249F89C0009C04FC /* GoogleService-Info.plist */,
			);
			path = StreamClean;
			sourceTree = "<group>";
		};
		3A959590A7D12F89C82F0C20 /* Frameworks */ = {
			isa = PBXGroup;
			children = (
				716F578B960AE9348D394DD8 /* Pods_StreamClean.framework */,
			);
			name = Frameworks;
			sourceTree = "<group>";
		};
		3AAE65192449F39500BDB09C /* Authentication */ = {
			isa = PBXGroup;
			children = (
				3AAE651A2449F3A900BDB09C /* FirebaseManager.swift */,
				3AAE651C2449F3EA00BDB09C /* FacebookManager.swift */,
			);
			path = Authentication;
			sourceTree = "<group>";
		};
		595E674A24AA432500A74CEF /* InputViewControllers */ = {
			isa = PBXGroup;
			children = (
				3A656503243F2BE600E8C607 /* ViewController.swift */,
				3ABE21672444C77400239729 /* MusicViewController.swift */,
				3AAE650D2449D21A00BDB09C /* GeneralViewController.swift */,
				3ABE216D2444D77200239729 /* ResultViewController.swift */,
			);
			path = InputViewControllers;
			sourceTree = "<group>";
		};
		595E674B24AA434500A74CEF /* UserViewControllers */ = {
			isa = PBXGroup;
			children = (
				3AAE651E2449F4DF00BDB09C /* AuthenticationViewController.swift */,
				3A5A61A3244B210D0050EEBF /* SignUpViewController.swift */,
				597C838424A8BF20007A07BA /* ProfileViewController.swift */,
			);
			path = UserViewControllers;
			sourceTree = "<group>";
		};
		596B8BF924A3A0B9007DA0FF /* Calculator */ = {
			isa = PBXGroup;
			children = (
				3ABE21692444CC6100239729 /* Calculator.swift */,
			);
			path = Calculator;
			sourceTree = "<group>";
		};
		EBF76FFC3ACDC6BF8F3E8D45 /* Pods */ = {
			isa = PBXGroup;
			children = (
				7D0E127997980EDA914451D2 /* Pods-StreamClean.debug.xcconfig */,
				977D46AAD94F4FDE5226898A /* Pods-StreamClean.release.xcconfig */,
			);
			path = Pods;
			sourceTree = "<group>";
		};
/* End PBXGroup section */

/* Begin PBXNativeTarget section */
		3A6564FB243F2BE600E8C607 /* StreamClean */ = {
			isa = PBXNativeTarget;
			buildConfigurationList = 3A656510243F2BE600E8C607 /* Build configuration list for PBXNativeTarget "StreamClean" */;
			buildPhases = (
				98DC2FD365A3F1E88C4E4EB1 /* [CP] Check Pods Manifest.lock */,
				3A6564F8243F2BE600E8C607 /* Sources */,
				3A6564F9243F2BE600E8C607 /* Frameworks */,
				3A6564FA243F2BE600E8C607 /* Resources */,
				DB9E940C42F989079DDB344A /* [CP] Embed Pods Frameworks */,
			);
			buildRules = (
			);
			dependencies = (
			);
			name = StreamClean;
			productName = StreamClean;
			productReference = 3A6564FC243F2BE600E8C607 /* StreamClean.app */;
			productType = "com.apple.product-type.application";
		};
/* End PBXNativeTarget section */

/* Begin PBXProject section */
		3A6564F4243F2BE600E8C607 /* Project object */ = {
			isa = PBXProject;
			attributes = {
				LastSwiftUpdateCheck = 1130;
				LastUpgradeCheck = 1130;
				ORGANIZATIONNAME = "Rasmus Nielsen";
				TargetAttributes = {
					3A6564FB243F2BE600E8C607 = {
						CreatedOnToolsVersion = 11.3.1;
					};
				};
			};
			buildConfigurationList = 3A6564F7243F2BE600E8C607 /* Build configuration list for PBXProject "StreamClean" */;
			compatibilityVersion = "Xcode 9.3";
			developmentRegion = en;
			hasScannedForEncodings = 0;
			knownRegions = (
				en,
				Base,
			);
			mainGroup = 3A6564F3243F2BE600E8C607;
			productRefGroup = 3A6564FD243F2BE600E8C607 /* Products */;
			projectDirPath = "";
			projectRoot = "";
			targets = (
				3A6564FB243F2BE600E8C607 /* StreamClean */,
			);
		};
/* End PBXProject section */

/* Begin PBXResourcesBuildPhase section */
		3A6564FA243F2BE600E8C607 /* Resources */ = {
			isa = PBXResourcesBuildPhase;
			buildActionMask = 2147483647;
			files = (
				3A65650C243F2BE600E8C607 /* LaunchScreen.storyboard in Resources */,
				59716874249F89C0009C04FC /* GoogleService-Info.plist in Resources */,
				3A656509243F2BE600E8C607 /* Assets.xcassets in Resources */,
				596B8BF824A39E97007DA0FF /* drivingcar.gif in Resources */,
				3A656507243F2BE600E8C607 /* Main.storyboard in Resources */,
			);
			runOnlyForDeploymentPostprocessing = 0;
		};
/* End PBXResourcesBuildPhase section */

/* Begin PBXShellScriptBuildPhase section */
		98DC2FD365A3F1E88C4E4EB1 /* [CP] Check Pods Manifest.lock */ = {
			isa = PBXShellScriptBuildPhase;
			buildActionMask = 2147483647;
			files = (
			);
			inputFileListPaths = (
			);
			inputPaths = (
				"${PODS_PODFILE_DIR_PATH}/Podfile.lock",
				"${PODS_ROOT}/Manifest.lock",
			);
			name = "[CP] Check Pods Manifest.lock";
			outputFileListPaths = (
			);
			outputPaths = (
				"$(DERIVED_FILE_DIR)/Pods-StreamClean-checkManifestLockResult.txt",
			);
			runOnlyForDeploymentPostprocessing = 0;
			shellPath = /bin/sh;
			shellScript = "diff \"${PODS_PODFILE_DIR_PATH}/Podfile.lock\" \"${PODS_ROOT}/Manifest.lock\" > /dev/null\nif [ $? != 0 ] ; then\n    # print error to STDERR\n    echo \"error: The sandbox is not in sync with the Podfile.lock. Run 'pod install' or update your CocoaPods installation.\" >&2\n    exit 1\nfi\n# This output is used by Xcode 'outputs' to avoid re-running this script phase.\necho \"SUCCESS\" > \"${SCRIPT_OUTPUT_FILE_0}\"\n";
			showEnvVarsInLog = 0;
		};
		DB9E940C42F989079DDB344A /* [CP] Embed Pods Frameworks */ = {
			isa = PBXShellScriptBuildPhase;
			buildActionMask = 2147483647;
			files = (
			);
			inputFileListPaths = (
				"${PODS_ROOT}/Target Support Files/Pods-StreamClean/Pods-StreamClean-frameworks-${CONFIGURATION}-input-files.xcfilelist",
			);
			name = "[CP] Embed Pods Frameworks";
			outputFileListPaths = (
				"${PODS_ROOT}/Target Support Files/Pods-StreamClean/Pods-StreamClean-frameworks-${CONFIGURATION}-output-files.xcfilelist",
			);
			runOnlyForDeploymentPostprocessing = 0;
			shellPath = /bin/sh;
			shellScript = "\"${PODS_ROOT}/Target Support Files/Pods-StreamClean/Pods-StreamClean-frameworks.sh\"\n";
			showEnvVarsInLog = 0;
		};
/* End PBXShellScriptBuildPhase section */

/* Begin PBXSourcesBuildPhase section */
		3A6564F8243F2BE600E8C607 /* Sources */ = {
			isa = PBXSourcesBuildPhase;
			buildActionMask = 2147483647;
			files = (
				3A5A61A4244B210D0050EEBF /* SignUpViewController.swift in Sources */,
				3ABE21682444C77400239729 /* MusicViewController.swift in Sources */,
				3AAE650E2449D21A00BDB09C /* GeneralViewController.swift in Sources */,
				3AAE651F2449F4DF00BDB09C /* AuthenticationViewController.swift in Sources */,
				3A656504243F2BE600E8C607 /* ViewController.swift in Sources */,
				3A656500243F2BE600E8C607 /* AppDelegate.swift in Sources */,
				3A5A61AA244B2A690050EEBF /* Usage.swift in Sources */,
				3AAE651B2449F3A900BDB09C /* FirebaseManager.swift in Sources */,
				596B8BF624A39D79007DA0FF /* Swift+gif.swift in Sources */,
				3ABE216A2444CC6100239729 /* Calculator.swift in Sources */,
				3A5A61A7244B294E0050EEBF /* FirebaseCRUD.swift in Sources */,
				3AAE651D2449F3EA00BDB09C /* FacebookManager.swift in Sources */,
				597C838524A8BF20007A07BA /* ProfileViewController.swift in Sources */,
				3A656502243F2BE600E8C607 /* SceneDelegate.swift in Sources */,
				3ABE216E2444D77200239729 /* ResultViewController.swift in Sources */,
			);
			runOnlyForDeploymentPostprocessing = 0;
		};
/* End PBXSourcesBuildPhase section */

/* Begin PBXVariantGroup section */
		3A656505243F2BE600E8C607 /* Main.storyboard */ = {
			isa = PBXVariantGroup;
			children = (
				3A656506243F2BE600E8C607 /* Base */,
			);
			name = Main.storyboard;
			sourceTree = "<group>";
		};
		3A65650A243F2BE600E8C607 /* LaunchScreen.storyboard */ = {
			isa = PBXVariantGroup;
			children = (
				3A65650B243F2BE600E8C607 /* Base */,
			);
			name = LaunchScreen.storyboard;
			sourceTree = "<group>";
		};
/* End PBXVariantGroup section */

/* Begin XCBuildConfiguration section */
		3A65650E243F2BE600E8C607 /* Debug */ = {
			isa = XCBuildConfiguration;
			buildSettings = {
				ALWAYS_SEARCH_USER_PATHS = NO;
				CLANG_ANALYZER_NONNULL = YES;
				CLANG_ANALYZER_NUMBER_OBJECT_CONVERSION = YES_AGGRESSIVE;
				CLANG_CXX_LANGUAGE_STANDARD = "gnu++14";
				CLANG_CXX_LIBRARY = "libc++";
				CLANG_ENABLE_MODULES = YES;
				CLANG_ENABLE_OBJC_ARC = YES;
				CLANG_ENABLE_OBJC_WEAK = YES;
				CLANG_WARN_BLOCK_CAPTURE_AUTORELEASING = YES;
				CLANG_WARN_BOOL_CONVERSION = YES;
				CLANG_WARN_COMMA = YES;
				CLANG_WARN_CONSTANT_CONVERSION = YES;
				CLANG_WARN_DEPRECATED_OBJC_IMPLEMENTATIONS = YES;
				CLANG_WARN_DIRECT_OBJC_ISA_USAGE = YES_ERROR;
				CLANG_WARN_DOCUMENTATION_COMMENTS = YES;
				CLANG_WARN_EMPTY_BODY = YES;
				CLANG_WARN_ENUM_CONVERSION = YES;
				CLANG_WARN_INFINITE_RECURSION = YES;
				CLANG_WARN_INT_CONVERSION = YES;
				CLANG_WARN_NON_LITERAL_NULL_CONVERSION = YES;
				CLANG_WARN_OBJC_IMPLICIT_RETAIN_SELF = YES;
				CLANG_WARN_OBJC_LITERAL_CONVERSION = YES;
				CLANG_WARN_OBJC_ROOT_CLASS = YES_ERROR;
				CLANG_WARN_RANGE_LOOP_ANALYSIS = YES;
				CLANG_WARN_STRICT_PROTOTYPES = YES;
				CLANG_WARN_SUSPICIOUS_MOVE = YES;
				CLANG_WARN_UNGUARDED_AVAILABILITY = YES_AGGRESSIVE;
				CLANG_WARN_UNREACHABLE_CODE = YES;
				CLANG_WARN__DUPLICATE_METHOD_MATCH = YES;
				COPY_PHASE_STRIP = NO;
				DEBUG_INFORMATION_FORMAT = dwarf;
				ENABLE_STRICT_OBJC_MSGSEND = YES;
				ENABLE_TESTABILITY = YES;
				GCC_C_LANGUAGE_STANDARD = gnu11;
				GCC_DYNAMIC_NO_PIC = NO;
				GCC_NO_COMMON_BLOCKS = YES;
				GCC_OPTIMIZATION_LEVEL = 0;
				GCC_PREPROCESSOR_DEFINITIONS = (
					"DEBUG=1",
					"$(inherited)",
				);
				GCC_WARN_64_TO_32_BIT_CONVERSION = YES;
				GCC_WARN_ABOUT_RETURN_TYPE = YES_ERROR;
				GCC_WARN_UNDECLARED_SELECTOR = YES;
				GCC_WARN_UNINITIALIZED_AUTOS = YES_AGGRESSIVE;
				GCC_WARN_UNUSED_FUNCTION = YES;
				GCC_WARN_UNUSED_VARIABLE = YES;
				IPHONEOS_DEPLOYMENT_TARGET = 13.2;
				MTL_ENABLE_DEBUG_INFO = INCLUDE_SOURCE;
				MTL_FAST_MATH = YES;
				ONLY_ACTIVE_ARCH = YES;
				SDKROOT = iphoneos;
				SWIFT_ACTIVE_COMPILATION_CONDITIONS = DEBUG;
				SWIFT_OPTIMIZATION_LEVEL = "-Onone";
			};
			name = Debug;
		};
		3A65650F243F2BE600E8C607 /* Release */ = {
			isa = XCBuildConfiguration;
			buildSettings = {
				ALWAYS_SEARCH_USER_PATHS = NO;
				CLANG_ANALYZER_NONNULL = YES;
				CLANG_ANALYZER_NUMBER_OBJECT_CONVERSION = YES_AGGRESSIVE;
				CLANG_CXX_LANGUAGE_STANDARD = "gnu++14";
				CLANG_CXX_LIBRARY = "libc++";
				CLANG_ENABLE_MODULES = YES;
				CLANG_ENABLE_OBJC_ARC = YES;
				CLANG_ENABLE_OBJC_WEAK = YES;
				CLANG_WARN_BLOCK_CAPTURE_AUTORELEASING = YES;
				CLANG_WARN_BOOL_CONVERSION = YES;
				CLANG_WARN_COMMA = YES;
				CLANG_WARN_CONSTANT_CONVERSION = YES;
				CLANG_WARN_DEPRECATED_OBJC_IMPLEMENTATIONS = YES;
				CLANG_WARN_DIRECT_OBJC_ISA_USAGE = YES_ERROR;
				CLANG_WARN_DOCUMENTATION_COMMENTS = YES;
				CLANG_WARN_EMPTY_BODY = YES;
				CLANG_WARN_ENUM_CONVERSION = YES;
				CLANG_WARN_INFINITE_RECURSION = YES;
				CLANG_WARN_INT_CONVERSION = YES;
				CLANG_WARN_NON_LITERAL_NULL_CONVERSION = YES;
				CLANG_WARN_OBJC_IMPLICIT_RETAIN_SELF = YES;
				CLANG_WARN_OBJC_LITERAL_CONVERSION = YES;
				CLANG_WARN_OBJC_ROOT_CLASS = YES_ERROR;
				CLANG_WARN_RANGE_LOOP_ANALYSIS = YES;
				CLANG_WARN_STRICT_PROTOTYPES = YES;
				CLANG_WARN_SUSPICIOUS_MOVE = YES;
				CLANG_WARN_UNGUARDED_AVAILABILITY = YES_AGGRESSIVE;
				CLANG_WARN_UNREACHABLE_CODE = YES;
				CLANG_WARN__DUPLICATE_METHOD_MATCH = YES;
				COPY_PHASE_STRIP = NO;
				DEBUG_INFORMATION_FORMAT = "dwarf-with-dsym";
				ENABLE_NS_ASSERTIONS = NO;
				ENABLE_STRICT_OBJC_MSGSEND = YES;
				GCC_C_LANGUAGE_STANDARD = gnu11;
				GCC_NO_COMMON_BLOCKS = YES;
				GCC_WARN_64_TO_32_BIT_CONVERSION = YES;
				GCC_WARN_ABOUT_RETURN_TYPE = YES_ERROR;
				GCC_WARN_UNDECLARED_SELECTOR = YES;
				GCC_WARN_UNINITIALIZED_AUTOS = YES_AGGRESSIVE;
				GCC_WARN_UNUSED_FUNCTION = YES;
				GCC_WARN_UNUSED_VARIABLE = YES;
				IPHONEOS_DEPLOYMENT_TARGET = 13.2;
				MTL_ENABLE_DEBUG_INFO = NO;
				MTL_FAST_MATH = YES;
				SDKROOT = iphoneos;
				SWIFT_COMPILATION_MODE = wholemodule;
				SWIFT_OPTIMIZATION_LEVEL = "-O";
				VALIDATE_PRODUCT = YES;
			};
			name = Release;
		};
		3A656511243F2BE600E8C607 /* Debug */ = {
			isa = XCBuildConfiguration;
			baseConfigurationReference = 7D0E127997980EDA914451D2 /* Pods-StreamClean.debug.xcconfig */;
			buildSettings = {
				ASSETCATALOG_COMPILER_APPICON_NAME = AppIcon;
				CODE_SIGN_STYLE = Automatic;
				DEVELOPMENT_TEAM = FUYR9P492P;
				INFOPLIST_FILE = StreamClean/Info.plist;
				LD_RUNPATH_SEARCH_PATHS = (
					"$(inherited)",
					"@executable_path/Frameworks",
				);
				PRODUCT_BUNDLE_IDENTIFIER = com.rasmusknothnielsen.StreamClean;
				PRODUCT_NAME = "$(TARGET_NAME)";
				SWIFT_VERSION = 5.0;
				TARGETED_DEVICE_FAMILY = "1,2";
			};
			name = Debug;
		};
		3A656512243F2BE600E8C607 /* Release */ = {
			isa = XCBuildConfiguration;
			baseConfigurationReference = 977D46AAD94F4FDE5226898A /* Pods-StreamClean.release.xcconfig */;
			buildSettings = {
				ASSETCATALOG_COMPILER_APPICON_NAME = AppIcon;
				CODE_SIGN_STYLE = Automatic;
				DEVELOPMENT_TEAM = FUYR9P492P;
				INFOPLIST_FILE = StreamClean/Info.plist;
				LD_RUNPATH_SEARCH_PATHS = (
					"$(inherited)",
					"@executable_path/Frameworks",
				);
				PRODUCT_BUNDLE_IDENTIFIER = com.rasmusknothnielsen.StreamClean;
				PRODUCT_NAME = "$(TARGET_NAME)";
				SWIFT_VERSION = 5.0;
				TARGETED_DEVICE_FAMILY = "1,2";
			};
			name = Release;
		};
/* End XCBuildConfiguration section */

/* Begin XCConfigurationList section */
		3A6564F7243F2BE600E8C607 /* Build configuration list for PBXProject "StreamClean" */ = {
			isa = XCConfigurationList;
			buildConfigurations = (
				3A65650E243F2BE600E8C607 /* Debug */,
				3A65650F243F2BE600E8C607 /* Release */,
			);
			defaultConfigurationIsVisible = 0;
			defaultConfigurationName = Release;
		};
		3A656510243F2BE600E8C607 /* Build configuration list for PBXNativeTarget "StreamClean" */ = {
			isa = XCConfigurationList;
			buildConfigurations = (
				3A656511243F2BE600E8C607 /* Debug */,
				3A656512243F2BE600E8C607 /* Release */,
			);
			defaultConfigurationIsVisible = 0;
			defaultConfigurationName = Release;
		};
/* End XCConfigurationList section */
	};
	rootObject = 3A6564F4243F2BE600E8C607 /* Project object */;
}
